// !$*UTF8*$!
{
	archiveVersion = 1;
	classes = {
	};
	objectVersion = 55;
	objects = {

/* Begin PBXBuildFile section */
		E61DACBF28513C7400B51670 /* MyCollectionViewCell.swift in Sources */ = {isa = PBXBuildFile; fileRef = E61DACBE28513C7400B51670 /* MyCollectionViewCell.swift */; };
		E61DACC1285140DD00B51670 /* Data.swift in Sources */ = {isa = PBXBuildFile; fileRef = E61DACC0285140DD00B51670 /* Data.swift */; };
		E63BB4BA28506D3D0005AD49 /* AppDelegate.swift in Sources */ = {isa = PBXBuildFile; fileRef = E63BB4B928506D3D0005AD49 /* AppDelegate.swift */; };
		E63BB4BC28506D3D0005AD49 /* SceneDelegate.swift in Sources */ = {isa = PBXBuildFile; fileRef = E63BB4BB28506D3D0005AD49 /* SceneDelegate.swift */; };
		E63BB4BE28506D3D0005AD49 /* ViewController.swift in Sources */ = {isa = PBXBuildFile; fileRef = E63BB4BD28506D3D0005AD49 /* ViewController.swift */; };
		E63BB4C128506D3D0005AD49 /* Main.storyboard in Resources */ = {isa = PBXBuildFile; fileRef = E63BB4BF28506D3D0005AD49 /* Main.storyboard */; };
		E63BB4C328506D420005AD49 /* Assets.xcassets in Resources */ = {isa = PBXBuildFile; fileRef = E63BB4C228506D420005AD49 /* Assets.xcassets */; };
		E63BB4C628506D420005AD49 /* LaunchScreen.storyboard in Resources */ = {isa = PBXBuildFile; fileRef = E63BB4C428506D420005AD49 /* LaunchScreen.storyboard */; };
		E63BB4D128506D420005AD49 /* Arch_dormTests.swift in Sources */ = {isa = PBXBuildFile; fileRef = E63BB4D028506D420005AD49 /* Arch_dormTests.swift */; };
		E63BB4DB28506D420005AD49 /* Arch_dormUITests.swift in Sources */ = {isa = PBXBuildFile; fileRef = E63BB4DA28506D420005AD49 /* Arch_dormUITests.swift */; };
		E63BB4DD28506D420005AD49 /* Arch_dormUITestsLaunchTests.swift in Sources */ = {isa = PBXBuildFile; fileRef = E63BB4DC28506D420005AD49 /* Arch_dormUITestsLaunchTests.swift */; };
		E63BB4EA2850834A0005AD49 /* Details.storyboard in Resources */ = {isa = PBXBuildFile; fileRef = E63BB4E92850834A0005AD49 /* Details.storyboard */; };
		E63BB4EC285086DA0005AD49 /* Add.storyboard in Resources */ = {isa = PBXBuildFile; fileRef = E63BB4EB285086DA0005AD49 /* Add.storyboard */; };
/* End PBXBuildFile section */

/* Begin PBXContainerItemProxy section */
		E63BB4CD28506D420005AD49 /* PBXContainerItemProxy */ = {
			isa = PBXContainerItemProxy;
			containerPortal = E63BB4AE28506D3D0005AD49 /* Project object */;
			proxyType = 1;
			remoteGlobalIDString = E63BB4B528506D3D0005AD49;
			remoteInfo = Arch_dorm;
		};
		E63BB4D728506D420005AD49 /* PBXContainerItemProxy */ = {
			isa = PBXContainerItemProxy;
			containerPortal = E63BB4AE28506D3D0005AD49 /* Project object */;
			proxyType = 1;
			remoteGlobalIDString = E63BB4B528506D3D0005AD49;
			remoteInfo = Arch_dorm;
		};
/* End PBXContainerItemProxy section */

/* Begin PBXFileReference section */
		E61DACBE28513C7400B51670 /* MyCollectionViewCell.swift */ = {isa = PBXFileReference; lastKnownFileType = sourcecode.swift; path = MyCollectionViewCell.swift; sourceTree = "<group>"; };
		E61DACC0285140DD00B51670 /* Data.swift */ = {isa = PBXFileReference; lastKnownFileType = sourcecode.swift; path = Data.swift; sourceTree = "<group>"; };
		E63BB4B628506D3D0005AD49 /* Arch_dorm.app */ = {isa = PBXFileReference; explicitFileType = wrapper.application; includeInIndex = 0; path = Arch_dorm.app; sourceTree = BUILT_PRODUCTS_DIR; };
		E63BB4B928506D3D0005AD49 /* AppDelegate.swift */ = {isa = PBXFileReference; lastKnownFileType = sourcecode.swift; path = AppDelegate.swift; sourceTree = "<group>"; };
		E63BB4BB28506D3D0005AD49 /* SceneDelegate.swift */ = {isa = PBXFileReference; lastKnownFileType = sourcecode.swift; path = SceneDelegate.swift; sourceTree = "<group>"; };
		E63BB4BD28506D3D0005AD49 /* ViewController.swift */ = {isa = PBXFileReference; lastKnownFileType = sourcecode.swift; path = ViewController.swift; sourceTree = "<group>"; };
		E63BB4C028506D3D0005AD49 /* Base */ = {isa = PBXFileReference; lastKnownFileType = file.storyboard; name = Base; path = Base.lproj/Main.storyboard; sourceTree = "<group>"; };
		E63BB4C228506D420005AD49 /* Assets.xcassets */ = {isa = PBXFileReference; lastKnownFileType = folder.assetcatalog; path = Assets.xcassets; sourceTree = "<group>"; };
		E63BB4C528506D420005AD49 /* Base */ = {isa = PBXFileReference; lastKnownFileType = file.storyboard; name = Base; path = Base.lproj/LaunchScreen.storyboard; sourceTree = "<group>"; };
		E63BB4C728506D420005AD49 /* Info.plist */ = {isa = PBXFileReference; lastKnownFileType = text.plist.xml; path = Info.plist; sourceTree = "<group>"; };
		E63BB4CC28506D420005AD49 /* Arch_dormTests.xctest */ = {isa = PBXFileReference; explicitFileType = wrapper.cfbundle; includeInIndex = 0; path = Arch_dormTests.xctest; sourceTree = BUILT_PRODUCTS_DIR; };
		E63BB4D028506D420005AD49 /* Arch_dormTests.swift */ = {isa = PBXFileReference; lastKnownFileType = sourcecode.swift; path = Arch_dormTests.swift; sourceTree = "<group>"; };
		E63BB4D628506D420005AD49 /* Arch_dormUITests.xctest */ = {isa = PBXFileReference; explicitFileType = wrapper.cfbundle; includeInIndex = 0; path = Arch_dormUITests.xctest; sourceTree = BUILT_PRODUCTS_DIR; };
		E63BB4DA28506D420005AD49 /* Arch_dormUITests.swift */ = {isa = PBXFileReference; lastKnownFileType = sourcecode.swift; path = Arch_dormUITests.swift; sourceTree = "<group>"; };
		E63BB4DC28506D420005AD49 /* Arch_dormUITestsLaunchTests.swift */ = {isa = PBXFileReference; lastKnownFileType = sourcecode.swift; path = Arch_dormUITestsLaunchTests.swift; sourceTree = "<group>"; };
		E63BB4E92850834A0005AD49 /* Details.storyboard */ = {isa = PBXFileReference; lastKnownFileType = file.storyboard; path = Details.storyboard; sourceTree = "<group>"; };
		E63BB4EB285086DA0005AD49 /* Add.storyboard */ = {isa = PBXFileReference; lastKnownFileType = file.storyboard; path = Add.storyboard; sourceTree = "<group>"; };
/* End PBXFileReference section */

/* Begin PBXFrameworksBuildPhase section */
		E63BB4B328506D3D0005AD49 /* Frameworks */ = {
			isa = PBXFrameworksBuildPhase;
			buildActionMask = 2147483647;
			files = (
			);
			runOnlyForDeploymentPostprocessing = 0;
		};
		E63BB4C928506D420005AD49 /* Frameworks */ = {
			isa = PBXFrameworksBuildPhase;
			buildActionMask = 2147483647;
			files = (
			);
			runOnlyForDeploymentPostprocessing = 0;
		};
		E63BB4D328506D420005AD49 /* Frameworks */ = {
			isa = PBXFrameworksBuildPhase;
			buildActionMask = 2147483647;
			files = (
			);
			runOnlyForDeploymentPostprocessing = 0;
		};
/* End PBXFrameworksBuildPhase section */

/* Begin PBXGroup section */
		E63BB4AD28506D3D0005AD49 = {
			isa = PBXGroup;
			children = (
				E63BB4B828506D3D0005AD49 /* Arch_dorm */,
				E63BB4CF28506D420005AD49 /* Arch_dormTests */,
				E63BB4D928506D420005AD49 /* Arch_dormUITests */,
				E63BB4B728506D3D0005AD49 /* Products */,
			);
			sourceTree = "<group>";
		};
		E63BB4B728506D3D0005AD49 /* Products */ = {
			isa = PBXGroup;
			children = (
				E63BB4B628506D3D0005AD49 /* Arch_dorm.app */,
				E63BB4CC28506D420005AD49 /* Arch_dormTests.xctest */,
				E63BB4D628506D420005AD49 /* Arch_dormUITests.xctest */,
			);
			name = Products;
			sourceTree = "<group>";
		};
		E63BB4B828506D3D0005AD49 /* Arch_dorm */ = {
			isa = PBXGroup;
			children = (
				E63BB4B928506D3D0005AD49 /* AppDelegate.swift */,
				E63BB4BB28506D3D0005AD49 /* SceneDelegate.swift */,
				E63BB4BD28506D3D0005AD49 /* ViewController.swift */,
				E63BB4BF28506D3D0005AD49 /* Main.storyboard */,
				E63BB4C228506D420005AD49 /* Assets.xcassets */,
				E63BB4C428506D420005AD49 /* LaunchScreen.storyboard */,
				E63BB4C728506D420005AD49 /* Info.plist */,
				E63BB4E92850834A0005AD49 /* Details.storyboard */,
				E63BB4EB285086DA0005AD49 /* Add.storyboard */,
				E61DACBE28513C7400B51670 /* MyCollectionViewCell.swift */,
				E61DACC0285140DD00B51670 /* Data.swift */,
			);
			path = Arch_dorm;
			sourceTree = "<group>";
		};
		E63BB4CF28506D420005AD49 /* Arch_dormTests */ = {
			isa = PBXGroup;
			children = (
				E63BB4D028506D420005AD49 /* Arch_dormTests.swift */,
			);
			path = Arch_dormTests;
			sourceTree = "<group>";
		};
		E63BB4D928506D420005AD49 /* Arch_dormUITests */ = {
			isa = PBXGroup;
			children = (
				E63BB4DA28506D420005AD49 /* Arch_dormUITests.swift */,
				E63BB4DC28506D420005AD49 /* Arch_dormUITestsLaunchTests.swift */,
			);
			path = Arch_dormUITests;
			sourceTree = "<group>";
		};
/* End PBXGroup section */

/* Begin PBXNativeTarget section */
		E63BB4B528506D3D0005AD49 /* Arch_dorm */ = {
			isa = PBXNativeTarget;
			buildConfigurationList = E63BB4E028506D420005AD49 /* Build configuration list for PBXNativeTarget "Arch_dorm" */;
			buildPhases = (
				E63BB4B228506D3D0005AD49 /* Sources */,
				E63BB4B328506D3D0005AD49 /* Frameworks */,
				E63BB4B428506D3D0005AD49 /* Resources */,
			);
			buildRules = (
			);
			dependencies = (
			);
			name = Arch_dorm;
			productName = Arch_dorm;
			productReference = E63BB4B628506D3D0005AD49 /* Arch_dorm.app */;
			productType = "com.apple.product-type.application";
		};
		E63BB4CB28506D420005AD49 /* Arch_dormTests */ = {
			isa = PBXNativeTarget;
			buildConfigurationList = E63BB4E328506D420005AD49 /* Build configuration list for PBXNativeTarget "Arch_dormTests" */;
			buildPhases = (
				E63BB4C828506D420005AD49 /* Sources */,
				E63BB4C928506D420005AD49 /* Frameworks */,
				E63BB4CA28506D420005AD49 /* Resources */,
			);
			buildRules = (
			);
			dependencies = (
				E63BB4CE28506D420005AD49 /* PBXTargetDependency */,
			);
			name = Arch_dormTests;
			productName = Arch_dormTests;
			productReference = E63BB4CC28506D420005AD49 /* Arch_dormTests.xctest */;
			productType = "com.apple.product-type.bundle.unit-test";
		};
		E63BB4D528506D420005AD49 /* Arch_dormUITests */ = {
			isa = PBXNativeTarget;
			buildConfigurationList = E63BB4E628506D420005AD49 /* Build configuration list for PBXNativeTarget "Arch_dormUITests" */;
			buildPhases = (
				E63BB4D228506D420005AD49 /* Sources */,
				E63BB4D328506D420005AD49 /* Frameworks */,
				E63BB4D428506D420005AD49 /* Resources */,
			);
			buildRules = (
			);
			dependencies = (
				E63BB4D828506D420005AD49 /* PBXTargetDependency */,
			);
			name = Arch_dormUITests;
			productName = Arch_dormUITests;
			productReference = E63BB4D628506D420005AD49 /* Arch_dormUITests.xctest */;
			productType = "com.apple.product-type.bundle.ui-testing";
		};
/* End PBXNativeTarget section */

/* Begin PBXProject section */
		E63BB4AE28506D3D0005AD49 /* Project object */ = {
			isa = PBXProject;
			attributes = {
				BuildIndependentTargetsInParallel = 1;
				LastSwiftUpdateCheck = 1340;
				LastUpgradeCheck = 1340;
				TargetAttributes = {
					E63BB4B528506D3D0005AD49 = {
						CreatedOnToolsVersion = 13.4.1;
					};
					E63BB4CB28506D420005AD49 = {
						CreatedOnToolsVersion = 13.4.1;
						TestTargetID = E63BB4B528506D3D0005AD49;
					};
					E63BB4D528506D420005AD49 = {
						CreatedOnToolsVersion = 13.4.1;
						TestTargetID = E63BB4B528506D3D0005AD49;
					};
				};
			};
			buildConfigurationList = E63BB4B128506D3D0005AD49 /* Build configuration list for PBXProject "Arch_dorm" */;
			compatibilityVersion = "Xcode 13.0";
			developmentRegion = en;
			hasScannedForEncodings = 0;
			knownRegions = (
				en,
				Base,
			);
			mainGroup = E63BB4AD28506D3D0005AD49;
			productRefGroup = E63BB4B728506D3D0005AD49 /* Products */;
			projectDirPath = "";
			projectRoot = "";
			targets = (
				E63BB4B528506D3D0005AD49 /* Arch_dorm */,
				E63BB4CB28506D420005AD49 /* Arch_dormTests */,
				E63BB4D528506D420005AD49 /* Arch_dormUITests */,
			);
		};
/* End PBXProject section */

/* Begin PBXResourcesBuildPhase section */
		E63BB4B428506D3D0005AD49 /* Resources */ = {
			isa = PBXResourcesBuildPhase;
			buildActionMask = 2147483647;
			files = (
				E63BB4C628506D420005AD49 /* LaunchScreen.storyboard in Resources */,
				E63BB4C328506D420005AD49 /* Assets.xcassets in Resources */,
				E63BB4EC285086DA0005AD49 /* Add.storyboard in Resources */,
				E63BB4C128506D3D0005AD49 /* Main.storyboard in Resources */,
				E63BB4EA2850834A0005AD49 /* Details.storyboard in Resources */,
			);
			runOnlyForDeploymentPostprocessing = 0;
		};
		E63BB4CA28506D420005AD49 /* Resources */ = {
			isa = PBXResourcesBuildPhase;
			buildActionMask = 2147483647;
			files = (
			);
			runOnlyForDeploymentPostprocessing = 0;
		};
		E63BB4D428506D420005AD49 /* Resources */ = {
			isa = PBXResourcesBuildPhase;
			buildActionMask = 2147483647;
			files = (
			);
			runOnlyForDeploymentPostprocessing = 0;
		};
/* End PBXResourcesBuildPhase section */

/* Begin PBXSourcesBuildPhase section */
		E63BB4B228506D3D0005AD49 /* Sources */ = {
			isa = PBXSourcesBuildPhase;
			buildActionMask = 2147483647;
			files = (
				E63BB4BE28506D3D0005AD49 /* ViewController.swift in Sources */,
				E61DACC1285140DD00B51670 /* Data.swift in Sources */,
				E63BB4BA28506D3D0005AD49 /* AppDelegate.swift in Sources */,
				E61DACBF28513C7400B51670 /* MyCollectionViewCell.swift in Sources */,
				E63BB4BC28506D3D0005AD49 /* SceneDelegate.swift in Sources */,
			);
			runOnlyForDeploymentPostprocessing = 0;
		};
		E63BB4C828506D420005AD49 /* Sources */ = {
			isa = PBXSourcesBuildPhase;
			buildActionMask = 2147483647;
			files = (
				E63BB4D128506D420005AD49 /* Arch_dormTests.swift in Sources */,
			);
			runOnlyForDeploymentPostprocessing = 0;
		};
		E63BB4D228506D420005AD49 /* Sources */ = {
			isa = PBXSourcesBuildPhase;
			buildActionMask = 2147483647;
			files = (
				E63BB4DD28506D420005AD49 /* Arch_dormUITestsLaunchTests.swift in Sources */,
				E63BB4DB28506D420005AD49 /* Arch_dormUITests.swift in Sources */,
			);
			runOnlyForDeploymentPostprocessing = 0;
		};
/* End PBXSourcesBuildPhase section */

/* Begin PBXTargetDependency section */
		E63BB4CE28506D420005AD49 /* PBXTargetDependency */ = {
			isa = PBXTargetDependency;
			target = E63BB4B528506D3D0005AD49 /* Arch_dorm */;
			targetProxy = E63BB4CD28506D420005AD49 /* PBXContainerItemProxy */;
		};
		E63BB4D828506D420005AD49 /* PBXTargetDependency */ = {
			isa = PBXTargetDependency;
			target = E63BB4B528506D3D0005AD49 /* Arch_dorm */;
			targetProxy = E63BB4D728506D420005AD49 /* PBXContainerItemProxy */;
		};
/* End PBXTargetDependency section */

/* Begin PBXVariantGroup section */
		E63BB4BF28506D3D0005AD49 /* Main.storyboard */ = {
			isa = PBXVariantGroup;
			children = (
				E63BB4C028506D3D0005AD49 /* Base */,
			);
			name = Main.storyboard;
			sourceTree = "<group>";
		};
		E63BB4C428506D420005AD49 /* LaunchScreen.storyboard */ = {
			isa = PBXVariantGroup;
			children = (
				E63BB4C528506D420005AD49 /* Base */,
			);
			name = LaunchScreen.storyboard;
			sourceTree = "<group>";
		};
/* End PBXVariantGroup section */

/* Begin XCBuildConfiguration section */
		E63BB4DE28506D420005AD49 /* Debug */ = {
			isa = XCBuildConfiguration;
			buildSettings = {
				ALWAYS_SEARCH_USER_PATHS = NO;
				CLANG_ANALYZER_NONNULL = YES;
				CLANG_ANALYZER_NUMBER_OBJECT_CONVERSION = YES_AGGRESSIVE;
				CLANG_CXX_LANGUAGE_STANDARD = "gnu++17";
				CLANG_ENABLE_MODULES = YES;
				CLANG_ENABLE_OBJC_ARC = YES;
				CLANG_ENABLE_OBJC_WEAK = YES;
				CLANG_WARN_BLOCK_CAPTURE_AUTORELEASING = YES;
				CLANG_WARN_BOOL_CONVERSION = YES;
				CLANG_WARN_COMMA = YES;
				CLANG_WARN_CONSTANT_CONVERSION = YES;
				CLANG_WARN_DEPRECATED_OBJC_IMPLEMENTATIONS = YES;
				CLANG_WARN_DIRECT_OBJC_ISA_USAGE = YES_ERROR;
				CLANG_WARN_DOCUMENTATION_COMMENTS = YES;
				CLANG_WARN_EMPTY_BODY = YES;
				CLANG_WARN_ENUM_CONVERSION = YES;
				CLANG_WARN_INFINITE_RECURSION = YES;
				CLANG_WARN_INT_CONVERSION = YES;
				CLANG_WARN_NON_LITERAL_NULL_CONVERSION = YES;
				CLANG_WARN_OBJC_IMPLICIT_RETAIN_SELF = YES;
				CLANG_WARN_OBJC_LITERAL_CONVERSION = YES;
				CLANG_WARN_OBJC_ROOT_CLASS = YES_ERROR;
				CLANG_WARN_QUOTED_INCLUDE_IN_FRAMEWORK_HEADER = YES;
				CLANG_WARN_RANGE_LOOP_ANALYSIS = YES;
				CLANG_WARN_STRICT_PROTOTYPES = YES;
				CLANG_WARN_SUSPICIOUS_MOVE = YES;
				CLANG_WARN_UNGUARDED_AVAILABILITY = YES_AGGRESSIVE;
				CLANG_WARN_UNREACHABLE_CODE = YES;
				CLANG_WARN__DUPLICATE_METHOD_MATCH = YES;
				COPY_PHASE_STRIP = NO;
				DEBUG_INFORMATION_FORMAT = dwarf;
				ENABLE_STRICT_OBJC_MSGSEND = YES;
				ENABLE_TESTABILITY = YES;
				GCC_C_LANGUAGE_STANDARD = gnu11;
				GCC_DYNAMIC_NO_PIC = NO;
				GCC_NO_COMMON_BLOCKS = YES;
				GCC_OPTIMIZATION_LEVEL = 0;
				GCC_PREPROCESSOR_DEFINITIONS = (
					"DEBUG=1",
					"$(inherited)",
				);
				GCC_WARN_64_TO_32_BIT_CONVERSION = YES;
				GCC_WARN_ABOUT_RETURN_TYPE = YES_ERROR;
				GCC_WARN_UNDECLARED_SELECTOR = YES;
				GCC_WARN_UNINITIALIZED_AUTOS = YES_AGGRESSIVE;
				GCC_WARN_UNUSED_FUNCTION = YES;
				GCC_WARN_UNUSED_VARIABLE = YES;
				IPHONEOS_DEPLOYMENT_TARGET = 15.5;
				MTL_ENABLE_DEBUG_INFO = INCLUDE_SOURCE;
				MTL_FAST_MATH = YES;
				ONLY_ACTIVE_ARCH = YES;
				SDKROOT = iphoneos;
				SWIFT_ACTIVE_COMPILATION_CONDITIONS = DEBUG;
				SWIFT_OPTIMIZATION_LEVEL = "-Onone";
			};
			name = Debug;
		};
		E63BB4DF28506D420005AD49 /* Release */ = {
			isa = XCBuildConfiguration;
			buildSettings = {
				ALWAYS_SEARCH_USER_PATHS = NO;
				CLANG_ANALYZER_NONNULL = YES;
				CLANG_ANALYZER_NUMBER_OBJECT_CONVERSION = YES_AGGRESSIVE;
				CLANG_CXX_LANGUAGE_STANDARD = "gnu++17";
				CLANG_ENABLE_MODULES = YES;
				CLANG_ENABLE_OBJC_ARC = YES;
				CLANG_ENABLE_OBJC_WEAK = YES;
				CLANG_WARN_BLOCK_CAPTURE_AUTORELEASING = YES;
				CLANG_WARN_BOOL_CONVERSION = YES;
				CLANG_WARN_COMMA = YES;
				CLANG_WARN_CONSTANT_CONVERSION = YES;
				CLANG_WARN_DEPRECATED_OBJC_IMPLEMENTATIONS = YES;
				CLANG_WARN_DIRECT_OBJC_ISA_USAGE = YES_ERROR;
				CLANG_WARN_DOCUMENTATION_COMMENTS = YES;
				CLANG_WARN_EMPTY_BODY = YES;
				CLANG_WARN_ENUM_CONVERSION = YES;
				CLANG_WARN_INFINITE_RECURSION = YES;
				CLANG_WARN_INT_CONVERSION = YES;
				CLANG_WARN_NON_LITERAL_NULL_CONVERSION = YES;
				CLANG_WARN_OBJC_IMPLICIT_RETAIN_SELF = YES;
				CLANG_WARN_OBJC_LITERAL_CONVERSION = YES;
				CLANG_WARN_OBJC_ROOT_CLASS = YES_ERROR;
				CLANG_WARN_QUOTED_INCLUDE_IN_FRAMEWORK_HEADER = YES;
				CLANG_WARN_RANGE_LOOP_ANALYSIS = YES;
				CLANG_WARN_STRICT_PROTOTYPES = YES;
				CLANG_WARN_SUSPICIOUS_MOVE = YES;
				CLANG_WARN_UNGUARDED_AVAILABILITY = YES_AGGRESSIVE;
				CLANG_WARN_UNREACHABLE_CODE = YES;
				CLANG_WARN__DUPLICATE_METHOD_MATCH = YES;
				COPY_PHASE_STRIP = NO;
				DEBUG_INFORMATION_FORMAT = "dwarf-with-dsym";
				ENABLE_NS_ASSERTIONS = NO;
				ENABLE_STRICT_OBJC_MSGSEND = YES;
				GCC_C_LANGUAGE_STANDARD = gnu11;
				GCC_NO_COMMON_BLOCKS = YES;
				GCC_WARN_64_TO_32_BIT_CONVERSION = YES;
				GCC_WARN_ABOUT_RETURN_TYPE = YES_ERROR;
				GCC_WARN_UNDECLARED_SELECTOR = YES;
				GCC_WARN_UNINITIALIZED_AUTOS = YES_AGGRESSIVE;
				GCC_WARN_UNUSED_FUNCTION = YES;
				GCC_WARN_UNUSED_VARIABLE = YES;
				IPHONEOS_DEPLOYMENT_TARGET = 15.5;
				MTL_ENABLE_DEBUG_INFO = NO;
				MTL_FAST_MATH = YES;
				SDKROOT = iphoneos;
				SWIFT_COMPILATION_MODE = wholemodule;
				SWIFT_OPTIMIZATION_LEVEL = "-O";
				VALIDATE_PRODUCT = YES;
			};
			name = Release;
		};
		E63BB4E128506D420005AD49 /* Debug */ = {
			isa = XCBuildConfiguration;
			buildSettings = {
				ASSETCATALOG_COMPILER_APPICON_NAME = AppIcon;
				ASSETCATALOG_COMPILER_GLOBAL_ACCENT_COLOR_NAME = AccentColor;
				CODE_SIGN_STYLE = Automatic;
				CURRENT_PROJECT_VERSION = 1;
				GENERATE_INFOPLIST_FILE = YES;
				INFOPLIST_FILE = Arch_dorm/Info.plist;
				INFOPLIST_KEY_UIApplicationSupportsIndirectInputEvents = YES;
				INFOPLIST_KEY_UILaunchStoryboardName = LaunchScreen;
				INFOPLIST_KEY_UIMainStoryboardFile = Main;
				INFOPLIST_KEY_UISupportedInterfaceOrientations_iPad = "UIInterfaceOrientationPortrait UIInterfaceOrientationPortraitUpsideDown UIInterfaceOrientationLandscapeLeft UIInterfaceOrientationLandscapeRight";
				INFOPLIST_KEY_UISupportedInterfaceOrientations_iPhone = "UIInterfaceOrientationPortrait UIInterfaceOrientationLandscapeLeft UIInterfaceOrientationLandscapeRight";
				LD_RUNPATH_SEARCH_PATHS = (
					"$(inherited)",
					"@executable_path/Frameworks",
				);
				MARKETING_VERSION = 1.0;
				PRODUCT_BUNDLE_IDENTIFIER = "Albert.Arch-dorm";
				PRODUCT_NAME = "$(TARGET_NAME)";
				SWIFT_EMIT_LOC_STRINGS = YES;
				SWIFT_VERSION = 5.0;
				TARGETED_DEVICE_FAMILY = "1,2";
			};
			name = Debug;
		};
		E63BB4E228506D420005AD49 /* Release */ = {
			isa = XCBuildConfiguration;
			buildSettings = {
				ASSETCATALOG_COMPILER_APPICON_NAME = AppIcon;
				ASSETCATALOG_COMPILER_GLOBAL_ACCENT_COLOR_NAME = AccentColor;
				CODE_SIGN_STYLE = Automatic;
				CURRENT_PROJECT_VERSION = 1;
				GENERATE_INFOPLIST_FILE = YES;
				INFOPLIST_FILE = Arch_dorm/Info.plist;
				INFOPLIST_KEY_UIApplicationSupportsIndirectInputEvents = YES;
				INFOPLIST_KEY_UILaunchStoryboardName = LaunchScreen;
				INFOPLIST_KEY_UIMainStoryboardFile = Main;
				INFOPLIST_KEY_UISupportedInterfaceOrientations_iPad = "UIInterfaceOrientationPortrait UIInterfaceOrientationPortraitUpsideDown UIInterfaceOrientationLandscapeLeft UIInterfaceOrientationLandscapeRight";
				INFOPLIST_KEY_UISupportedInterfaceOrientations_iPhone = "UIInterfaceOrientationPortrait UIInterfaceOrientationLandscapeLeft UIInterfaceOrientationLandscapeRight";
				LD_RUNPATH_SEARCH_PATHS = (
					"$(inherited)",
					"@executable_path/Frameworks",
				);
				MARKETING_VERSION = 1.0;
				PRODUCT_BUNDLE_IDENTIFIER = "Albert.Arch-dorm";
				PRODUCT_NAME = "$(TARGET_NAME)";
				SWIFT_EMIT_LOC_STRINGS = YES;
				SWIFT_VERSION = 5.0;
				TARGETED_DEVICE_FAMILY = "1,2";
			};
			name = Release;
		};
		E63BB4E428506D420005AD49 /* Debug */ = {
			isa = XCBuildConfiguration;
			buildSettings = {
				ALWAYS_EMBED_SWIFT_STANDARD_LIBRARIES = YES;
				BUNDLE_LOADER = "$(TEST_HOST)";
				CODE_SIGN_STYLE = Automatic;
				CURRENT_PROJECT_VERSION = 1;
				GENERATE_INFOPLIST_FILE = YES;
				IPHONEOS_DEPLOYMENT_TARGET = 15.5;
				MARKETING_VERSION = 1.0;
				PRODUCT_BUNDLE_IDENTIFIER = "Albert.Arch-dormTests";
				PRODUCT_NAME = "$(TARGET_NAME)";
				SWIFT_EMIT_LOC_STRINGS = NO;
				SWIFT_VERSION = 5.0;
				TARGETED_DEVICE_FAMILY = "1,2";
				TEST_HOST = "$(BUILT_PRODUCTS_DIR)/Arch_dorm.app/Arch_dorm";
			};
			name = Debug;
		};
		E63BB4E528506D420005AD49 /* Release */ = {
			isa = XCBuildConfiguration;
			buildSettings = {
				ALWAYS_EMBED_SWIFT_STANDARD_LIBRARIES = YES;
				BUNDLE_LOADER = "$(TEST_HOST)";
				CODE_SIGN_STYLE = Automatic;
				CURRENT_PROJECT_VERSION = 1;
				GENERATE_INFOPLIST_FILE = YES;
				IPHONEOS_DEPLOYMENT_TARGET = 15.5;
				MARKETING_VERSION = 1.0;
				PRODUCT_BUNDLE_IDENTIFIER = "Albert.Arch-dormTests";
				PRODUCT_NAME = "$(TARGET_NAME)";
				SWIFT_EMIT_LOC_STRINGS = NO;
				SWIFT_VERSION = 5.0;
				TARGETED_DEVICE_FAMILY = "1,2";
				TEST_HOST = "$(BUILT_PRODUCTS_DIR)/Arch_dorm.app/Arch_dorm";
			};
			name = Release;
		};
		E63BB4E728506D420005AD49 /* Debug */ = {
			isa = XCBuildConfiguration;
			buildSettings = {
				ALWAYS_EMBED_SWIFT_STANDARD_LIBRARIES = YES;
				CODE_SIGN_STYLE = Automatic;
				CURRENT_PROJECT_VERSION = 1;
				GENERATE_INFOPLIST_FILE = YES;
				MARKETING_VERSION = 1.0;
				PRODUCT_BUNDLE_IDENTIFIER = "Albert.Arch-dormUITests";
				PRODUCT_NAME = "$(TARGET_NAME)";
				SWIFT_EMIT_LOC_STRINGS = NO;
				SWIFT_VERSION = 5.0;
				TARGETED_DEVICE_FAMILY = "1,2";
				TEST_TARGET_NAME = Arch_dorm;
			};
			name = Debug;
		};
		E63BB4E828506D420005AD49 /* Release */ = {
			isa = XCBuildConfiguration;
			buildSettings = {
				ALWAYS_EMBED_SWIFT_STANDARD_LIBRARIES = YES;
				CODE_SIGN_STYLE = Automatic;
				CURRENT_PROJECT_VERSION = 1;
				GENERATE_INFOPLIST_FILE = YES;
				MARKETING_VERSION = 1.0;
				PRODUCT_BUNDLE_IDENTIFIER = "Albert.Arch-dormUITests";
				PRODUCT_NAME = "$(TARGET_NAME)";
				SWIFT_EMIT_LOC_STRINGS = NO;
				SWIFT_VERSION = 5.0;
				TARGETED_DEVICE_FAMILY = "1,2";
				TEST_TARGET_NAME = Arch_dorm;
			};
			name = Release;
		};
/* End XCBuildConfiguration section */

/* Begin XCConfigurationList section */
		E63BB4B128506D3D0005AD49 /* Build configuration list for PBXProject "Arch_dorm" */ = {
			isa = XCConfigurationList;
			buildConfigurations = (
				E63BB4DE28506D420005AD49 /* Debug */,
				E63BB4DF28506D420005AD49 /* Release */,
			);
			defaultConfigurationIsVisible = 0;
			defaultConfigurationName = Release;
		};
		E63BB4E028506D420005AD49 /* Build configuration list for PBXNativeTarget "Arch_dorm" */ = {
			isa = XCConfigurationList;
			buildConfigurations = (
				E63BB4E128506D420005AD49 /* Debug */,
				E63BB4E228506D420005AD49 /* Release */,
			);
			defaultConfigurationIsVisible = 0;
			defaultConfigurationName = Release;
		};
		E63BB4E328506D420005AD49 /* Build configuration list for PBXNativeTarget "Arch_dormTests" */ = {
			isa = XCConfigurationList;
			buildConfigurations = (
				E63BB4E428506D420005AD49 /* Debug */,
				E63BB4E528506D420005AD49 /* Release */,
			);
			defaultConfigurationIsVisible = 0;
			defaultConfigurationName = Release;
		};
		E63BB4E628506D420005AD49 /* Build configuration list for PBXNativeTarget "Arch_dormUITests" */ = {
			isa = XCConfigurationList;
			buildConfigurations = (
				E63BB4E728506D420005AD49 /* Debug */,
				E63BB4E828506D420005AD49 /* Release */,
			);
			defaultConfigurationIsVisible = 0;
			defaultConfigurationName = Release;
		};
/* End XCConfigurationList section */
	};
	rootObject = E63BB4AE28506D3D0005AD49 /* Project object */;
}
